
Microsoft Visual Studio Solution File, Format Version 12.00
# Visual Studio Version 17
VisualStudioVersion = 17.0.31903.59
MinimumVisualStudioVersion = 10.0.40219.1
Project("{54A90642-561A-4BB1-A94E-469ADEE60C69}") = "UploaderApp", "UploaderApp\UploaderApp.esproj", "{87A7A385-5F39-416C-9516-EBA06D630880}"
EndProject
Project("{9A19103F-16F7-4668-BE54-9A1E7A4F7556}") = "UploaderBackend", "UploaderBackend\UploaderBackend.csproj", "{E798FCB8-9268-476E-9F96-E1D5FE340942}"
EndProject
Project("{9A19103F-16F7-4668-BE54-9A1E7A4F7556}") = "UploaderBackend.Tests", "UploaderBackend.Tests\UploaderBackend.Tests.csproj", "{ACD576E5-9074-4BE1-946E-ACD831E5C895}"
EndProject
Global
	GlobalSection(SolutionConfigurationPlatforms) = preSolution
		Debug|Any CPU = Debug|Any CPU
		Release|Any CPU = Release|Any CPU
	EndGlobalSection
	GlobalSection(ProjectConfigurationPlatforms) = postSolution
		{87A7A385-5F39-416C-9516-EBA06D630880}.Debug|Any CPU.ActiveCfg = Debug|Any CPU
		{87A7A385-5F39-416C-9516-EBA06D630880}.Debug|Any CPU.Build.0 = Debug|Any CPU
		{87A7A385-5F39-416C-9516-EBA06D630880}.Debug|Any CPU.Deploy.0 = Debug|Any CPU
		{87A7A385-5F39-416C-9516-EBA06D630880}.Release|Any CPU.ActiveCfg = Release|Any CPU
		{87A7A385-5F39-416C-9516-EBA06D630880}.Release|Any CPU.Build.0 = Release|Any CPU
		{87A7A385-5F39-416C-9516-EBA06D630880}.Release|Any CPU.Deploy.0 = Release|Any CPU
		{E798FCB8-9268-476E-9F96-E1D5FE340942}.Debug|Any CPU.ActiveCfg = Debug|Any CPU
		{E798FCB8-9268-476E-9F96-E1D5FE340942}.Debug|Any CPU.Build.0 = Debug|Any CPU
		{E798FCB8-9268-476E-9F96-E1D5FE340942}.Release|Any CPU.ActiveCfg = Release|Any CPU
		{E798FCB8-9268-476E-9F96-E1D5FE340942}.Release|Any CPU.Build.0 = Release|Any CPU
		{ACD576E5-9074-4BE1-946E-ACD831E5C895}.Debug|Any CPU.ActiveCfg = Debug|Any CPU
		{ACD576E5-9074-4BE1-946E-ACD831E5C895}.Debug|Any CPU.Build.0 = Debug|Any CPU
		{ACD576E5-9074-4BE1-946E-ACD831E5C895}.Release|Any CPU.ActiveCfg = Release|Any CPU
		{ACD576E5-9074-4BE1-946E-ACD831E5C895}.Release|Any CPU.Build.0 = Release|Any CPU
	EndGlobalSection
	GlobalSection(SolutionProperties) = preSolution
		HideSolutionNode = FALSE
	EndGlobalSection
	GlobalSection(ExtensibilityGlobals) = postSolution
		SolutionGuid = {73D99F0E-7685-4DC5-B710-1B2543583728}
	EndGlobalSection
EndGlobal
